// !$*UTF8*$!
{
	archiveVersion = 1;
	classes = {
	};
	objectVersion = 46;
	objects = {

/* Begin PBXBuildFile section */
		3D7020FE17389D6F000AD095 /* UIKit.framework in Frameworks */ = {isa = PBXBuildFile; fileRef = 3D7020FD17389D6F000AD095 /* UIKit.framework */; };
		3D70210017389D6F000AD095 /* Foundation.framework in Frameworks */ = {isa = PBXBuildFile; fileRef = 3D7020FF17389D6F000AD095 /* Foundation.framework */; };
		3D70210217389D6F000AD095 /* CoreGraphics.framework in Frameworks */ = {isa = PBXBuildFile; fileRef = 3D70210117389D6F000AD095 /* CoreGraphics.framework */; };
		3D70210817389D70000AD095 /* InfoPlist.strings in Resources */ = {isa = PBXBuildFile; fileRef = 3D70210617389D70000AD095 /* InfoPlist.strings */; };
		3D70210A17389D70000AD095 /* main.m in Sources */ = {isa = PBXBuildFile; fileRef = 3D70210917389D70000AD095 /* main.m */; };
		3D70210E17389D70000AD095 /* AppDelegate.m in Sources */ = {isa = PBXBuildFile; fileRef = 3D70210D17389D70000AD095 /* AppDelegate.m */; };
		3D70211017389D70000AD095 /* Default.png in Resources */ = {isa = PBXBuildFile; fileRef = 3D70210F17389D70000AD095 /* Default.png */; };
		3D70211217389D70000AD095 /* Default@2x.png in Resources */ = {isa = PBXBuildFile; fileRef = 3D70211117389D70000AD095 /* Default@2x.png */; };
		3D70211417389D70000AD095 /* Default-568h@2x.png in Resources */ = {isa = PBXBuildFile; fileRef = 3D70211317389D70000AD095 /* Default-568h@2x.png */; };
		3D70211717389D70000AD095 /* MainStoryboard_iPhone.storyboard in Resources */ = {isa = PBXBuildFile; fileRef = 3D70211517389D70000AD095 /* MainStoryboard_iPhone.storyboard */; };
		3D70211A17389D70000AD095 /* MainStoryboard_iPad.storyboard in Resources */ = {isa = PBXBuildFile; fileRef = 3D70211817389D70000AD095 /* MainStoryboard_iPad.storyboard */; };
		3D70211D17389D70000AD095 /* ViewController.m in Sources */ = {isa = PBXBuildFile; fileRef = 3D70211C17389D70000AD095 /* ViewController.m */; };
		3D70212517397799000AD095 /* USCitiesTimezoneDatabase.m in Sources */ = {isa = PBXBuildFile; fileRef = 3D70212417397799000AD095 /* USCitiesTimezoneDatabase.m */; };
		3D702127173977C3000AD095 /* libsqlite3.0.dylib in Frameworks */ = {isa = PBXBuildFile; fileRef = 3D702126173977C3000AD095 /* libsqlite3.0.dylib */; };
		3D702129173977CD000AD095 /* CoreLocation.framework in Frameworks */ = {isa = PBXBuildFile; fileRef = 3D702128173977CD000AD095 /* CoreLocation.framework */; };
		3D70212E1739A640000AD095 /* us_cities_with_timezones.sl3 in Resources */ = {isa = PBXBuildFile; fileRef = 3D70212D1739A640000AD095 /* us_cities_with_timezones.sl3 */; };
		3D7021311739CC82000AD095 /* State.m in Sources */ = {isa = PBXBuildFile; fileRef = 3D7021301739CC81000AD095 /* State.m */; };
		3D70213A1739E777000AD095 /* StateTableViewController.m in Sources */ = {isa = PBXBuildFile; fileRef = 3D7021391739E777000AD095 /* StateTableViewController.m */; };
		3D70213D1739E784000AD095 /* CityTableViewController.m in Sources */ = {isa = PBXBuildFile; fileRef = 3D70213C1739E784000AD095 /* CityTableViewController.m */; };
		3D7021401739E90B000AD095 /* City.m in Sources */ = {isa = PBXBuildFile; fileRef = 3D70213F1739E90B000AD095 /* City.m */; };
		3D702142173C3457000AD095 /* libiOSnova.a in Frameworks */ = {isa = PBXBuildFile; fileRef = 3D702141173C3457000AD095 /* libiOSnova.a */; };
/* End PBXBuildFile section */

/* Begin PBXFileReference section */
		3D7020FA17389D6F000AD095 /* asgt5_location_sunrise_set.app */ = {isa = PBXFileReference; explicitFileType = wrapper.application; includeInIndex = 0; path = asgt5_location_sunrise_set.app; sourceTree = BUILT_PRODUCTS_DIR; };
		3D7020FD17389D6F000AD095 /* UIKit.framework */ = {isa = PBXFileReference; lastKnownFileType = wrapper.framework; name = UIKit.framework; path = System/Library/Frameworks/UIKit.framework; sourceTree = SDKROOT; };
		3D7020FF17389D6F000AD095 /* Foundation.framework */ = {isa = PBXFileReference; lastKnownFileType = wrapper.framework; name = Foundation.framework; path = System/Library/Frameworks/Foundation.framework; sourceTree = SDKROOT; };
		3D70210117389D6F000AD095 /* CoreGraphics.framework */ = {isa = PBXFileReference; lastKnownFileType = wrapper.framework; name = CoreGraphics.framework; path = System/Library/Frameworks/CoreGraphics.framework; sourceTree = SDKROOT; };
		3D70210517389D70000AD095 /* asgt5_location_sunrise_set-Info.plist */ = {isa = PBXFileReference; lastKnownFileType = text.plist.xml; path = "asgt5_location_sunrise_set-Info.plist"; sourceTree = "<group>"; };
		3D70210717389D70000AD095 /* en */ = {isa = PBXFileReference; lastKnownFileType = text.plist.strings; name = en; path = en.lproj/InfoPlist.strings; sourceTree = "<group>"; };
		3D70210917389D70000AD095 /* main.m */ = {isa = PBXFileReference; lastKnownFileType = sourcecode.c.objc; path = main.m; sourceTree = "<group>"; };
		3D70210B17389D70000AD095 /* asgt5_location_sunrise_set-Prefix.pch */ = {isa = PBXFileReference; lastKnownFileType = sourcecode.c.h; path = "asgt5_location_sunrise_set-Prefix.pch"; sourceTree = "<group>"; };
		3D70210C17389D70000AD095 /* AppDelegate.h */ = {isa = PBXFileReference; lastKnownFileType = sourcecode.c.h; path = AppDelegate.h; sourceTree = "<group>"; };
		3D70210D17389D70000AD095 /* AppDelegate.m */ = {isa = PBXFileReference; lastKnownFileType = sourcecode.c.objc; path = AppDelegate.m; sourceTree = "<group>"; };
		3D70210F17389D70000AD095 /* Default.png */ = {isa = PBXFileReference; lastKnownFileType = image.png; path = Default.png; sourceTree = "<group>"; };
		3D70211117389D70000AD095 /* Default@2x.png */ = {isa = PBXFileReference; lastKnownFileType = image.png; path = "Default@2x.png"; sourceTree = "<group>"; };
		3D70211317389D70000AD095 /* Default-568h@2x.png */ = {isa = PBXFileReference; lastKnownFileType = image.png; path = "Default-568h@2x.png"; sourceTree = "<group>"; };
		3D70211617389D70000AD095 /* en */ = {isa = PBXFileReference; lastKnownFileType = file.storyboard; name = en; path = en.lproj/MainStoryboard_iPhone.storyboard; sourceTree = "<group>"; };
		3D70211917389D70000AD095 /* en */ = {isa = PBXFileReference; lastKnownFileType = file.storyboard; name = en; path = en.lproj/MainStoryboard_iPad.storyboard; sourceTree = "<group>"; };
		3D70211B17389D70000AD095 /* ViewController.h */ = {isa = PBXFileReference; lastKnownFileType = sourcecode.c.h; path = ViewController.h; sourceTree = "<group>"; };
		3D70211C17389D70000AD095 /* ViewController.m */ = {isa = PBXFileReference; lastKnownFileType = sourcecode.c.objc; path = ViewController.m; sourceTree = "<group>"; };
		3D70212317397799000AD095 /* USCitiesTimezoneDatabase.h */ = {isa = PBXFileReference; fileEncoding = 4; lastKnownFileType = sourcecode.c.h; path = USCitiesTimezoneDatabase.h; sourceTree = "<group>"; };
		3D70212417397799000AD095 /* USCitiesTimezoneDatabase.m */ = {isa = PBXFileReference; fileEncoding = 4; lastKnownFileType = sourcecode.c.objc; path = USCitiesTimezoneDatabase.m; sourceTree = "<group>"; };
		3D702126173977C3000AD095 /* libsqlite3.0.dylib */ = {isa = PBXFileReference; lastKnownFileType = "compiled.mach-o.dylib"; name = libsqlite3.0.dylib; path = usr/lib/libsqlite3.0.dylib; sourceTree = SDKROOT; };
		3D702128173977CD000AD095 /* CoreLocation.framework */ = {isa = PBXFileReference; lastKnownFileType = wrapper.framework; name = CoreLocation.framework; path = System/Library/Frameworks/CoreLocation.framework; sourceTree = SDKROOT; };
		3D70212D1739A640000AD095 /* us_cities_with_timezones.sl3 */ = {isa = PBXFileReference; lastKnownFileType = file; path = us_cities_with_timezones.sl3; sourceTree = "<group>"; };
		3D70212F1739CC81000AD095 /* State.h */ = {isa = PBXFileReference; fileEncoding = 4; lastKnownFileType = sourcecode.c.h; path = State.h; sourceTree = "<group>"; };
		3D7021301739CC81000AD095 /* State.m */ = {isa = PBXFileReference; fileEncoding = 4; lastKnownFileType = sourcecode.c.objc; path = State.m; sourceTree = "<group>"; };
		3D7021381739E777000AD095 /* StateTableViewController.h */ = {isa = PBXFileReference; fileEncoding = 4; lastKnownFileType = sourcecode.c.h; path = StateTableViewController.h; sourceTree = "<group>"; };
		3D7021391739E777000AD095 /* StateTableViewController.m */ = {isa = PBXFileReference; fileEncoding = 4; lastKnownFileType = sourcecode.c.objc; path = StateTableViewController.m; sourceTree = "<group>"; };
		3D70213B1739E784000AD095 /* CityTableViewController.h */ = {isa = PBXFileReference; fileEncoding = 4; lastKnownFileType = sourcecode.c.h; path = CityTableViewController.h; sourceTree = "<group>"; };
		3D70213C1739E784000AD095 /* CityTableViewController.m */ = {isa = PBXFileReference; fileEncoding = 4; lastKnownFileType = sourcecode.c.objc; path = CityTableViewController.m; sourceTree = "<group>"; };
		3D70213E1739E90B000AD095 /* City.h */ = {isa = PBXFileReference; fileEncoding = 4; lastKnownFileType = sourcecode.c.h; path = City.h; sourceTree = "<group>"; };
		3D70213F1739E90B000AD095 /* City.m */ = {isa = PBXFileReference; fileEncoding = 4; lastKnownFileType = sourcecode.c.objc; path = City.m; sourceTree = "<group>"; };
		3D702141173C3457000AD095 /* libiOSnova.a */ = {isa = PBXFileReference; lastKnownFileType = archive.ar; name = libiOSnova.a; path = "../../../../Library/Developer/Xcode/DerivedData/Asgt5Workspace-atvwhfyzblquycdnbfddlzoeoxyf/Build/Products/Debug-iphoneos/libiOSnova.a"; sourceTree = "<group>"; };
/* End PBXFileReference section */

/* Begin PBXFrameworksBuildPhase section */
		3D7020F717389D6F000AD095 /* Frameworks */ = {
			isa = PBXFrameworksBuildPhase;
			buildActionMask = 2147483647;
			files = (
				3D702142173C3457000AD095 /* libiOSnova.a in Frameworks */,
				3D702129173977CD000AD095 /* CoreLocation.framework in Frameworks */,
				3D702127173977C3000AD095 /* libsqlite3.0.dylib in Frameworks */,
				3D7020FE17389D6F000AD095 /* UIKit.framework in Frameworks */,
				3D70210017389D6F000AD095 /* Foundation.framework in Frameworks */,
				3D70210217389D6F000AD095 /* CoreGraphics.framework in Frameworks */,
			);
			runOnlyForDeploymentPostprocessing = 0;
		};
/* End PBXFrameworksBuildPhase section */

/* Begin PBXGroup section */
		3D7020F117389D6F000AD095 = {
			isa = PBXGroup;
			children = (
				3D702141173C3457000AD095 /* libiOSnova.a */,
				3D702128173977CD000AD095 /* CoreLocation.framework */,
				3D702126173977C3000AD095 /* libsqlite3.0.dylib */,
				3D70210317389D70000AD095 /* asgt5_location_sunrise_set */,
				3D7020FC17389D6F000AD095 /* Frameworks */,
				3D7020FB17389D6F000AD095 /* Products */,
			);
			sourceTree = "<group>";
		};
		3D7020FB17389D6F000AD095 /* Products */ = {
			isa = PBXGroup;
			children = (
				3D7020FA17389D6F000AD095 /* asgt5_location_sunrise_set.app */,
			);
			name = Products;
			sourceTree = "<group>";
		};
		3D7020FC17389D6F000AD095 /* Frameworks */ = {
			isa = PBXGroup;
			children = (
				3D7020FD17389D6F000AD095 /* UIKit.framework */,
				3D7020FF17389D6F000AD095 /* Foundation.framework */,
				3D70210117389D6F000AD095 /* CoreGraphics.framework */,
			);
			name = Frameworks;
			sourceTree = "<group>";
		};
		3D70210317389D70000AD095 /* asgt5_location_sunrise_set */ = {
			isa = PBXGroup;
			children = (
				3D70210C17389D70000AD095 /* AppDelegate.h */,
				3D70210D17389D70000AD095 /* AppDelegate.m */,
				3D70211517389D70000AD095 /* MainStoryboard_iPhone.storyboard */,
				3D70211817389D70000AD095 /* MainStoryboard_iPad.storyboard */,
				3D70211B17389D70000AD095 /* ViewController.h */,
				3D70211C17389D70000AD095 /* ViewController.m */,
				3D7021381739E777000AD095 /* StateTableViewController.h */,
				3D7021391739E777000AD095 /* StateTableViewController.m */,
				3D70213B1739E784000AD095 /* CityTableViewController.h */,
				3D70213C1739E784000AD095 /* CityTableViewController.m */,
				3D70212317397799000AD095 /* USCitiesTimezoneDatabase.h */,
				3D70212417397799000AD095 /* USCitiesTimezoneDatabase.m */,
				3D70212F1739CC81000AD095 /* State.h */,
				3D7021301739CC81000AD095 /* State.m */,
				3D70213E1739E90B000AD095 /* City.h */,
				3D70213F1739E90B000AD095 /* City.m */,
				3D70210417389D70000AD095 /* Supporting Files */,
			);
			path = asgt5_location_sunrise_set;
			sourceTree = "<group>";
		};
		3D70210417389D70000AD095 /* Supporting Files */ = {
			isa = PBXGroup;
			children = (
				3D70212D1739A640000AD095 /* us_cities_with_timezones.sl3 */,
				3D70210517389D70000AD095 /* asgt5_location_sunrise_set-Info.plist */,
				3D70210617389D70000AD095 /* InfoPlist.strings */,
				3D70210917389D70000AD095 /* main.m */,
				3D70210B17389D70000AD095 /* asgt5_location_sunrise_set-Prefix.pch */,
				3D70210F17389D70000AD095 /* Default.png */,
				3D70211117389D70000AD095 /* Default@2x.png */,
				3D70211317389D70000AD095 /* Default-568h@2x.png */,
			);
			name = "Supporting Files";
			sourceTree = "<group>";
		};
/* End PBXGroup section */

/* Begin PBXNativeTarget section */
		3D7020F917389D6F000AD095 /* asgt5_location_sunrise_set */ = {
			isa = PBXNativeTarget;
			buildConfigurationList = 3D70212017389D70000AD095 /* Build configuration list for PBXNativeTarget "asgt5_location_sunrise_set" */;
			buildPhases = (
				3D7020F617389D6F000AD095 /* Sources */,
				3D7020F717389D6F000AD095 /* Frameworks */,
				3D7020F817389D6F000AD095 /* Resources */,
			);
			buildRules = (
			);
			dependencies = (
			);
			name = asgt5_location_sunrise_set;
			productName = asgt5_location_sunrise_set;
			productReference = 3D7020FA17389D6F000AD095 /* asgt5_location_sunrise_set.app */;
			productType = "com.apple.product-type.application";
		};
/* End PBXNativeTarget section */

/* Begin PBXProject section */
		3D7020F217389D6F000AD095 /* Project object */ = {
			isa = PBXProject;
			attributes = {
				LastUpgradeCheck = 0460;
				ORGANIZATIONNAME = "William Short";
			};
			buildConfigurationList = 3D7020F517389D6F000AD095 /* Build configuration list for PBXProject "asgt5_location_sunrise_set" */;
			compatibilityVersion = "Xcode 3.2";
			developmentRegion = English;
			hasScannedForEncodings = 0;
			knownRegions = (
				en,
			);
			mainGroup = 3D7020F117389D6F000AD095;
			productRefGroup = 3D7020FB17389D6F000AD095 /* Products */;
			projectDirPath = "";
			projectRoot = "";
			targets = (
				3D7020F917389D6F000AD095 /* asgt5_location_sunrise_set */,
			);
		};
/* End PBXProject section */

/* Begin PBXResourcesBuildPhase section */
		3D7020F817389D6F000AD095 /* Resources */ = {
			isa = PBXResourcesBuildPhase;
			buildActionMask = 2147483647;
			files = (
				3D70210817389D70000AD095 /* InfoPlist.strings in Resources */,
				3D70211017389D70000AD095 /* Default.png in Resources */,
				3D70211217389D70000AD095 /* Default@2x.png in Resources */,
				3D70211417389D70000AD095 /* Default-568h@2x.png in Resources */,
				3D70211717389D70000AD095 /* MainStoryboard_iPhone.storyboard in Resources */,
				3D70211A17389D70000AD095 /* MainStoryboard_iPad.storyboard in Resources */,
				3D70212E1739A640000AD095 /* us_cities_with_timezones.sl3 in Resources */,
			);
			runOnlyForDeploymentPostprocessing = 0;
		};
/* End PBXResourcesBuildPhase section */

/* Begin PBXSourcesBuildPhase section */
		3D7020F617389D6F000AD095 /* Sources */ = {
			isa = PBXSourcesBuildPhase;
			buildActionMask = 2147483647;
			files = (
				3D70210A17389D70000AD095 /* main.m in Sources */,
				3D70210E17389D70000AD095 /* AppDelegate.m in Sources */,
				3D70211D17389D70000AD095 /* ViewController.m in Sources */,
				3D70212517397799000AD095 /* USCitiesTimezoneDatabase.m in Sources */,
				3D7021311739CC82000AD095 /* State.m in Sources */,
				3D70213A1739E777000AD095 /* StateTableViewController.m in Sources */,
				3D70213D1739E784000AD095 /* CityTableViewController.m in Sources */,
				3D7021401739E90B000AD095 /* City.m in Sources */,
			);
			runOnlyForDeploymentPostprocessing = 0;
		};
/* End PBXSourcesBuildPhase section */

/* Begin PBXVariantGroup section */
		3D70210617389D70000AD095 /* InfoPlist.strings */ = {
			isa = PBXVariantGroup;
			children = (
				3D70210717389D70000AD095 /* en */,
			);
			name = InfoPlist.strings;
			sourceTree = "<group>";
		};
		3D70211517389D70000AD095 /* MainStoryboard_iPhone.storyboard */ = {
			isa = PBXVariantGroup;
			children = (
				3D70211617389D70000AD095 /* en */,
			);
			name = MainStoryboard_iPhone.storyboard;
			sourceTree = "<group>";
		};
		3D70211817389D70000AD095 /* MainStoryboard_iPad.storyboard */ = {
			isa = PBXVariantGroup;
			children = (
				3D70211917389D70000AD095 /* en */,
			);
			name = MainStoryboard_iPad.storyboard;
			sourceTree = "<group>";
		};
/* End PBXVariantGroup section */

/* Begin XCBuildConfiguration section */
		3D70211E17389D70000AD095 /* Debug */ = {
			isa = XCBuildConfiguration;
			buildSettings = {
				ALWAYS_SEARCH_USER_PATHS = NO;
				CLANG_CXX_LANGUAGE_STANDARD = "gnu++0x";
				CLANG_CXX_LIBRARY = "libc++";
				CLANG_ENABLE_OBJC_ARC = YES;
				CLANG_WARN_CONSTANT_CONVERSION = YES;
				CLANG_WARN_EMPTY_BODY = YES;
				CLANG_WARN_ENUM_CONVERSION = YES;
				CLANG_WARN_INT_CONVERSION = YES;
				CLANG_WARN__DUPLICATE_METHOD_MATCH = YES;
				"CODE_SIGN_IDENTITY[sdk=iphoneos*]" = "iPhone Developer";
				COPY_PHASE_STRIP = NO;
				GCC_C_LANGUAGE_STANDARD = gnu99;
				GCC_DYNAMIC_NO_PIC = NO;
				GCC_OPTIMIZATION_LEVEL = 0;
				GCC_PREPROCESSOR_DEFINITIONS = (
					"DEBUG=1",
					"$(inherited)",
				);
				GCC_SYMBOLS_PRIVATE_EXTERN = NO;
				GCC_WARN_ABOUT_RETURN_TYPE = YES;
				GCC_WARN_UNINITIALIZED_AUTOS = YES;
				GCC_WARN_UNUSED_VARIABLE = YES;
				IPHONEOS_DEPLOYMENT_TARGET = 6.1;
				ONLY_ACTIVE_ARCH = YES;
				SDKROOT = iphoneos;
				TARGETED_DEVICE_FAMILY = "1,2";
			};
			name = Debug;
		};
		3D70211F17389D70000AD095 /* Release */ = {
			isa = XCBuildConfiguration;
			buildSettings = {
				ALWAYS_SEARCH_USER_PATHS = NO;
				CLANG_CXX_LANGUAGE_STANDARD = "gnu++0x";
				CLANG_CXX_LIBRARY = "libc++";
				CLANG_ENABLE_OBJC_ARC = YES;
				CLANG_WARN_CONSTANT_CONVERSION = YES;
				CLANG_WARN_EMPTY_BODY = YES;
				CLANG_WARN_ENUM_CONVERSION = YES;
				CLANG_WARN_INT_CONVERSION = YES;
				CLANG_WARN__DUPLICATE_METHOD_MATCH = YES;
				"CODE_SIGN_IDENTITY[sdk=iphoneos*]" = "iPhone Developer";
				COPY_PHASE_STRIP = YES;
				GCC_C_LANGUAGE_STANDARD = gnu99;
				GCC_WARN_ABOUT_RETURN_TYPE = YES;
				GCC_WARN_UNINITIALIZED_AUTOS = YES;
				GCC_WARN_UNUSED_VARIABLE = YES;
				IPHONEOS_DEPLOYMENT_TARGET = 6.1;
				OTHER_CFLAGS = "-DNS_BLOCK_ASSERTIONS=1";
				SDKROOT = iphoneos;
				TARGETED_DEVICE_FAMILY = "1,2";
				VALIDATE_PRODUCT = YES;
			};
			name = Release;
		};
		3D70212117389D70000AD095 /* Debug */ = {
			isa = XCBuildConfiguration;
			buildSettings = {
				GCC_PRECOMPILE_PREFIX_HEADER = YES;
				GCC_PREFIX_HEADER = "asgt5_location_sunrise_set/asgt5_location_sunrise_set-Prefix.pch";
				"HEADER_SEARCH_PATHS[arch=*]" = "$(BUILT_PRODUCTS_DIR)/**";
				INFOPLIST_FILE = "asgt5_location_sunrise_set/asgt5_location_sunrise_set-Info.plist";
				LIBRARY_SEARCH_PATHS = (
					"$(inherited)",
					"\"$(SRCROOT)/../../../../Library/Developer/Xcode/DerivedData/Asgt5Workspace-atvwhfyzblquycdnbfddlzoeoxyf/Build/Products/Debug-iphoneos\"",
				);
				PRODUCT_NAME = "$(TARGET_NAME)";
				WRAPPER_EXTENSION = app;
			};
			name = Debug;
		};
		3D70212217389D70000AD095 /* Release */ = {
			isa = XCBuildConfiguration;
			buildSettings = {
				GCC_PRECOMPILE_PREFIX_HEADER = YES;
				GCC_PREFIX_HEADER = "asgt5_location_sunrise_set/asgt5_location_sunrise_set-Prefix.pch";
				"HEADER_SEARCH_PATHS[arch=*]" = "$(BUILT_PRODUCTS_DIR)/**";
				INFOPLIST_FILE = "asgt5_location_sunrise_set/asgt5_location_sunrise_set-Info.plist";
				LIBRARY_SEARCH_PATHS = (
					"$(inherited)",
					"\"$(SRCROOT)/../../../../Library/Developer/Xcode/DerivedData/Asgt5Workspace-atvwhfyzblquycdnbfddlzoeoxyf/Build/Products/Debug-iphoneos\"",
				);
				PRODUCT_NAME = "$(TARGET_NAME)";
				WRAPPER_EXTENSION = app;
			};
			name = Release;
		};
/* End XCBuildConfiguration section */

/* Begin XCConfigurationList section */
		3D7020F517389D6F000AD095 /* Build configuration list for PBXProject "asgt5_location_sunrise_set" */ = {
			isa = XCConfigurationList;
			buildConfigurations = (
				3D70211E17389D70000AD095 /* Debug */,
				3D70211F17389D70000AD095 /* Release */,
			);
			defaultConfigurationIsVisible = 0;
			defaultConfigurationName = Release;
		};
		3D70212017389D70000AD095 /* Build configuration list for PBXNativeTarget "asgt5_location_sunrise_set" */ = {
			isa = XCConfigurationList;
			buildConfigurations = (
				3D70212117389D70000AD095 /* Debug */,
				3D70212217389D70000AD095 /* Release */,
			);
			defaultConfigurationIsVisible = 0;
			defaultConfigurationName = Release;
		};
/* End XCConfigurationList section */
	};
	rootObject = 3D7020F217389D6F000AD095 /* Project object */;
}
